// !$*UTF8*$!
{
	archiveVersion = 1;
	classes = {
	};
	objectVersion = 46;
	objects = {

/* Begin PBXBuildFile section */
		C2D639821DD5C0BE00D57DE1 /* logging.cc in Sources */ = {isa = PBXBuildFile; fileRef = C2D639561DD5C0BE00D57DE1 /* logging.cc */; };
		C2D639831DD5C0BE00D57DE1 /* split_string.cc in Sources */ = {isa = PBXBuildFile; fileRef = C2D639591DD5C0BE00D57DE1 /* split_string.cc */; };
		C2D639841DD5C0BE00D57DE1 /* model_parameters.cc in Sources */ = {isa = PBXBuildFile; fileRef = C2D6395F1DD5C0BE00D57DE1 /* model_parameters.cc */; };
		C2D639851DD5C0BE00D57DE1 /* model_parameters_test.cc in Sources */ = {isa = PBXBuildFile; fileRef = C2D639611DD5C0BE00D57DE1 /* model_parameters_test.cc */; };
		C2D639861DD5C0BE00D57DE1 /* ffm_loss_test.cc in Sources */ = {isa = PBXBuildFile; fileRef = C2D639651DD5C0BE00D57DE1 /* ffm_loss_test.cc */; };
		C2D639871DD5C0BE00D57DE1 /* fm_loss_test.cc in Sources */ = {isa = PBXBuildFile; fileRef = C2D639671DD5C0BE00D57DE1 /* fm_loss_test.cc */; };
		C2D639881DD5C0BE00D57DE1 /* logit_loss_test.cc in Sources */ = {isa = PBXBuildFile; fileRef = C2D639691DD5C0BE00D57DE1 /* logit_loss_test.cc */; };
		C2D639891DD5C0BE00D57DE1 /* parser_test.cc in Sources */ = {isa = PBXBuildFile; fileRef = C2D6396E1DD5C0BE00D57DE1 /* parser_test.cc */; };
		C2D6398A1DD5C0BE00D57DE1 /* reader.cc in Sources */ = {isa = PBXBuildFile; fileRef = C2D6396F1DD5C0BE00D57DE1 /* reader.cc */; };
		C2D6398B1DD5C0BE00D57DE1 /* reader_test.cc in Sources */ = {isa = PBXBuildFile; fileRef = C2D639711DD5C0BE00D57DE1 /* reader_test.cc */; };
		C2D6398C1DD5C0BE00D57DE1 /* AdaGrad_updater.cc in Sources */ = {isa = PBXBuildFile; fileRef = C2D639731DD5C0BE00D57DE1 /* AdaGrad_updater.cc */; };
		C2D6398D1DD5C0BE00D57DE1 /* SGD_updater.cc in Sources */ = {isa = PBXBuildFile; fileRef = C2D639761DD5C0BE00D57DE1 /* SGD_updater.cc */; };
		C2D6398E1DD5C0BE00D57DE1 /* updater.cc in Sources */ = {isa = PBXBuildFile; fileRef = C2D639781DD5C0BE00D57DE1 /* updater.cc */; };
		C2D6398F1DD5C0BE00D57DE1 /* README.md in Sources */ = {isa = PBXBuildFile; fileRef = C2D6397A1DD5C0BE00D57DE1 /* README.md */; };
		C2D639941DD5C18300D57DE1 /* libgtest.a in Frameworks */ = {isa = PBXBuildFile; fileRef = C2D639911DD5C18300D57DE1 /* libgtest.a */; };
		C2D639951DD5C18300D57DE1 /* libgtest_main.a in Frameworks */ = {isa = PBXBuildFile; fileRef = C2D639921DD5C18300D57DE1 /* libgtest_main.a */; };
		C2D639961DD5C18300D57DE1 /* gtest.framework in Frameworks */ = {isa = PBXBuildFile; fileRef = C2D639931DD5C18300D57DE1 /* gtest.framework */; };
		C2D639991DD5D34900D57DE1 /* fm_loss.cc in Sources */ = {isa = PBXBuildFile; fileRef = C2D639981DD5D34900D57DE1 /* fm_loss.cc */; };
		C2D6399C1DD734AB00D57DE1 /* ffm_loss.cc in Sources */ = {isa = PBXBuildFile; fileRef = C2D6399B1DD734AB00D57DE1 /* ffm_loss.cc */; };
/* End PBXBuildFile section */

/* Begin PBXCopyFilesBuildPhase section */
		C2D639451DD5C08B00D57DE1 /* CopyFiles */ = {
			isa = PBXCopyFilesBuildPhase;
			buildActionMask = 2147483647;
			dstPath = /usr/share/man/man1/;
			dstSubfolderSpec = 0;
			files = (
			);
			runOnlyForDeploymentPostprocessing = 1;
		};
/* End PBXCopyFilesBuildPhase section */

/* Begin PBXFileReference section */
		C2D639531DD5C0BE00D57DE1 /* CMakeLists.txt */ = {isa = PBXFileReference; fileEncoding = 4; lastKnownFileType = text; path = CMakeLists.txt; sourceTree = "<group>"; };
		C2D639541DD5C0BE00D57DE1 /* common.h */ = {isa = PBXFileReference; fileEncoding = 4; lastKnownFileType = sourcecode.c.h; path = common.h; sourceTree = "<group>"; };
		C2D639551DD5C0BE00D57DE1 /* file_util.h */ = {isa = PBXFileReference; fileEncoding = 4; lastKnownFileType = sourcecode.c.h; path = file_util.h; sourceTree = "<group>"; };
		C2D639561DD5C0BE00D57DE1 /* logging.cc */ = {isa = PBXFileReference; fileEncoding = 4; lastKnownFileType = sourcecode.cpp.cpp; path = logging.cc; sourceTree = "<group>"; };
		C2D639571DD5C0BE00D57DE1 /* logging.h */ = {isa = PBXFileReference; fileEncoding = 4; lastKnownFileType = sourcecode.c.h; path = logging.h; sourceTree = "<group>"; };
		C2D639581DD5C0BE00D57DE1 /* random.h */ = {isa = PBXFileReference; fileEncoding = 4; lastKnownFileType = sourcecode.c.h; path = random.h; sourceTree = "<group>"; };
		C2D639591DD5C0BE00D57DE1 /* split_string.cc */ = {isa = PBXFileReference; fileEncoding = 4; lastKnownFileType = sourcecode.cpp.cpp; path = split_string.cc; sourceTree = "<group>"; };
		C2D6395A1DD5C0BE00D57DE1 /* split_string.h */ = {isa = PBXFileReference; fileEncoding = 4; lastKnownFileType = sourcecode.c.h; path = split_string.h; sourceTree = "<group>"; };
		C2D6395C1DD5C0BE00D57DE1 /* CMakeLists.txt */ = {isa = PBXFileReference; fileEncoding = 4; lastKnownFileType = text; path = CMakeLists.txt; sourceTree = "<group>"; };
		C2D6395D1DD5C0BE00D57DE1 /* data_structure.h */ = {isa = PBXFileReference; fileEncoding = 4; lastKnownFileType = sourcecode.c.h; path = data_structure.h; sourceTree = "<group>"; };
		C2D6395E1DD5C0BE00D57DE1 /* hyper_parameters.h */ = {isa = PBXFileReference; fileEncoding = 4; lastKnownFileType = sourcecode.c.h; path = hyper_parameters.h; sourceTree = "<group>"; };
		C2D6395F1DD5C0BE00D57DE1 /* model_parameters.cc */ = {isa = PBXFileReference; fileEncoding = 4; lastKnownFileType = sourcecode.cpp.cpp; path = model_parameters.cc; sourceTree = "<group>"; };
		C2D639601DD5C0BE00D57DE1 /* model_parameters.h */ = {isa = PBXFileReference; fileEncoding = 4; lastKnownFileType = sourcecode.c.h; path = model_parameters.h; sourceTree = "<group>"; };
		C2D639611DD5C0BE00D57DE1 /* model_parameters_test.cc */ = {isa = PBXFileReference; fileEncoding = 4; lastKnownFileType = sourcecode.cpp.cpp; path = model_parameters_test.cc; sourceTree = "<group>"; };
		C2D639631DD5C0BE00D57DE1 /* CMakeLists.txt */ = {isa = PBXFileReference; fileEncoding = 4; lastKnownFileType = text; path = CMakeLists.txt; sourceTree = "<group>"; };
		C2D639641DD5C0BE00D57DE1 /* ffm_loss.h */ = {isa = PBXFileReference; fileEncoding = 4; lastKnownFileType = sourcecode.c.h; path = ffm_loss.h; sourceTree = "<group>"; };
		C2D639651DD5C0BE00D57DE1 /* ffm_loss_test.cc */ = {isa = PBXFileReference; fileEncoding = 4; lastKnownFileType = sourcecode.cpp.cpp; path = ffm_loss_test.cc; sourceTree = "<group>"; };
		C2D639661DD5C0BE00D57DE1 /* fm_loss.h */ = {isa = PBXFileReference; fileEncoding = 4; lastKnownFileType = sourcecode.c.h; path = fm_loss.h; sourceTree = "<group>"; };
		C2D639671DD5C0BE00D57DE1 /* fm_loss_test.cc */ = {isa = PBXFileReference; fileEncoding = 4; lastKnownFileType = sourcecode.cpp.cpp; path = fm_loss_test.cc; sourceTree = "<group>"; };
		C2D639681DD5C0BE00D57DE1 /* logit_loss.h */ = {isa = PBXFileReference; fileEncoding = 4; lastKnownFileType = sourcecode.c.h; path = logit_loss.h; sourceTree = "<group>"; };
		C2D639691DD5C0BE00D57DE1 /* logit_loss_test.cc */ = {isa = PBXFileReference; fileEncoding = 4; lastKnownFileType = sourcecode.cpp.cpp; path = logit_loss_test.cc; sourceTree = "<group>"; };
		C2D6396A1DD5C0BE00D57DE1 /* loss.h */ = {isa = PBXFileReference; fileEncoding = 4; lastKnownFileType = sourcecode.c.h; path = loss.h; sourceTree = "<group>"; };
		C2D6396C1DD5C0BE00D57DE1 /* CMakeLists.txt */ = {isa = PBXFileReference; fileEncoding = 4; lastKnownFileType = text; path = CMakeLists.txt; sourceTree = "<group>"; };
		C2D6396D1DD5C0BE00D57DE1 /* parser.h */ = {isa = PBXFileReference; fileEncoding = 4; lastKnownFileType = sourcecode.c.h; path = parser.h; sourceTree = "<group>"; };
		C2D6396E1DD5C0BE00D57DE1 /* parser_test.cc */ = {isa = PBXFileReference; fileEncoding = 4; lastKnownFileType = sourcecode.cpp.cpp; path = parser_test.cc; sourceTree = "<group>"; };
		C2D6396F1DD5C0BE00D57DE1 /* reader.cc */ = {isa = PBXFileReference; fileEncoding = 4; lastKnownFileType = sourcecode.cpp.cpp; path = reader.cc; sourceTree = "<group>"; };
		C2D639701DD5C0BE00D57DE1 /* reader.h */ = {isa = PBXFileReference; fileEncoding = 4; lastKnownFileType = sourcecode.c.h; path = reader.h; sourceTree = "<group>"; };
		C2D639711DD5C0BE00D57DE1 /* reader_test.cc */ = {isa = PBXFileReference; fileEncoding = 4; lastKnownFileType = sourcecode.cpp.cpp; path = reader_test.cc; sourceTree = "<group>"; };
		C2D639731DD5C0BE00D57DE1 /* AdaGrad_updater.cc */ = {isa = PBXFileReference; fileEncoding = 4; lastKnownFileType = sourcecode.cpp.cpp; path = AdaGrad_updater.cc; sourceTree = "<group>"; };
		C2D639741DD5C0BE00D57DE1 /* AdaGrad_updater.h */ = {isa = PBXFileReference; fileEncoding = 4; lastKnownFileType = sourcecode.c.h; path = AdaGrad_updater.h; sourceTree = "<group>"; };
		C2D639751DD5C0BE00D57DE1 /* CMakeLists.txt */ = {isa = PBXFileReference; fileEncoding = 4; lastKnownFileType = text; path = CMakeLists.txt; sourceTree = "<group>"; };
		C2D639761DD5C0BE00D57DE1 /* SGD_updater.cc */ = {isa = PBXFileReference; fileEncoding = 4; lastKnownFileType = sourcecode.cpp.cpp; path = SGD_updater.cc; sourceTree = "<group>"; };
		C2D639771DD5C0BE00D57DE1 /* SGD_updater.h */ = {isa = PBXFileReference; fileEncoding = 4; lastKnownFileType = sourcecode.c.h; path = SGD_updater.h; sourceTree = "<group>"; };
		C2D639781DD5C0BE00D57DE1 /* updater.cc */ = {isa = PBXFileReference; fileEncoding = 4; lastKnownFileType = sourcecode.cpp.cpp; path = updater.cc; sourceTree = "<group>"; };
		C2D639791DD5C0BE00D57DE1 /* updater.h */ = {isa = PBXFileReference; fileEncoding = 4; lastKnownFileType = sourcecode.c.h; path = updater.h; sourceTree = "<group>"; };
		C2D6397A1DD5C0BE00D57DE1 /* README.md */ = {isa = PBXFileReference; fileEncoding = 4; lastKnownFileType = net.daringfireball.markdown; path = README.md; sourceTree = "<group>"; };
		C2D6397B1DD5C0BE00D57DE1 /* LICENSE */ = {isa = PBXFileReference; fileEncoding = 4; lastKnownFileType = text; path = LICENSE; sourceTree = "<group>"; };
		C2D6397E1DD5C0BE00D57DE1 /* agaricus.txt.train */ = {isa = PBXFileReference; fileEncoding = 4; lastKnownFileType = text; path = agaricus.txt.train; sourceTree = "<group>"; };
		C2D6397F1DD5C0BE00D57DE1 /* Criteo.txt.train */ = {isa = PBXFileReference; fileEncoding = 4; lastKnownFileType = text; path = Criteo.txt.train; sourceTree = "<group>"; };
		C2D639801DD5C0BE00D57DE1 /* CMakeLists.txt */ = {isa = PBXFileReference; fileEncoding = 4; lastKnownFileType = text; path = CMakeLists.txt; sourceTree = "<group>"; };
		C2D639811DD5C0BE00D57DE1 /* gtest */ = {isa = PBXFileReference; fileEncoding = 4; lastKnownFileType = text; path = gtest; sourceTree = "<group>"; };
		C2D639911DD5C18300D57DE1 /* libgtest.a */ = {isa = PBXFileReference; lastKnownFileType = archive.ar; name = libgtest.a; path = "../../Library/Developer/Xcode/DerivedData/gtest-dxowampzswkzabghxrizbillnvzo/Build/Products/Debug/libgtest.a"; sourceTree = "<group>"; };
		C2D639921DD5C18300D57DE1 /* libgtest_main.a */ = {isa = PBXFileReference; lastKnownFileType = archive.ar; name = libgtest_main.a; path = "../../Library/Developer/Xcode/DerivedData/gtest-dxowampzswkzabghxrizbillnvzo/Build/Products/Debug/libgtest_main.a"; sourceTree = "<group>"; };
		C2D639931DD5C18300D57DE1 /* gtest.framework */ = {isa = PBXFileReference; lastKnownFileType = wrapper.framework; name = gtest.framework; path = "../../Library/Developer/Xcode/DerivedData/gtest-dxowampzswkzabghxrizbillnvzo/Build/Products/Debug/gtest.framework"; sourceTree = "<group>"; };
		C2D639971DD5C20700D57DE1 /* F2M */ = {isa = PBXFileReference; explicitFileType = "compiled.mach-o.executable"; includeInIndex = 0; path = F2M; sourceTree = BUILT_PRODUCTS_DIR; };
		C2D639981DD5D34900D57DE1 /* fm_loss.cc */ = {isa = PBXFileReference; fileEncoding = 4; lastKnownFileType = sourcecode.cpp.cpp; path = fm_loss.cc; sourceTree = "<group>"; };
		C2D6399A1DD5D3C900D57DE1 /* regularize_normalize.h */ = {isa = PBXFileReference; lastKnownFileType = sourcecode.c.h; name = regularize_normalize.h; path = ../base/regularize_normalize.h; sourceTree = "<group>"; };
		C2D6399B1DD734AB00D57DE1 /* ffm_loss.cc */ = {isa = PBXFileReference; fileEncoding = 4; lastKnownFileType = sourcecode.cpp.cpp; path = ffm_loss.cc; sourceTree = "<group>"; };
/* End PBXFileReference section */

/* Begin PBXFrameworksBuildPhase section */
		C2D639441DD5C08B00D57DE1 /* Frameworks */ = {
			isa = PBXFrameworksBuildPhase;
			buildActionMask = 2147483647;
			files = (
				C2D639941DD5C18300D57DE1 /* libgtest.a in Frameworks */,
				C2D639951DD5C18300D57DE1 /* libgtest_main.a in Frameworks */,
				C2D639961DD5C18300D57DE1 /* gtest.framework in Frameworks */,
			);
			runOnlyForDeploymentPostprocessing = 0;
		};
/* End PBXFrameworksBuildPhase section */

/* Begin PBXGroup section */
		C2D6393E1DD5C08B00D57DE1 = {
			isa = PBXGroup;
			children = (
				C2D639911DD5C18300D57DE1 /* libgtest.a */,
				C2D639921DD5C18300D57DE1 /* libgtest_main.a */,
				C2D639931DD5C18300D57DE1 /* gtest.framework */,
				C2D639511DD5C0BE00D57DE1 /* src */,
				C2D6397A1DD5C0BE00D57DE1 /* README.md */,
				C2D6397B1DD5C0BE00D57DE1 /* LICENSE */,
				C2D6397C1DD5C0BE00D57DE1 /* demo */,
				C2D639801DD5C0BE00D57DE1 /* CMakeLists.txt */,
				C2D639811DD5C0BE00D57DE1 /* gtest */,
				C2D639971DD5C20700D57DE1 /* F2M */,
			);
			sourceTree = "<group>";
		};
		C2D639511DD5C0BE00D57DE1 /* src */ = {
			isa = PBXGroup;
			children = (
				C2D639521DD5C0BE00D57DE1 /* base */,
				C2D6395B1DD5C0BE00D57DE1 /* data */,
				C2D639621DD5C0BE00D57DE1 /* loss */,
				C2D6396B1DD5C0BE00D57DE1 /* reader */,
				C2D639721DD5C0BE00D57DE1 /* update */,
			);
			path = src;
			sourceTree = "<group>";
		};
		C2D639521DD5C0BE00D57DE1 /* base */ = {
			isa = PBXGroup;
			children = (
				C2D639531DD5C0BE00D57DE1 /* CMakeLists.txt */,
				C2D639541DD5C0BE00D57DE1 /* common.h */,
				C2D639551DD5C0BE00D57DE1 /* file_util.h */,
				C2D639561DD5C0BE00D57DE1 /* logging.cc */,
				C2D639571DD5C0BE00D57DE1 /* logging.h */,
				C2D639581DD5C0BE00D57DE1 /* random.h */,
				C2D639591DD5C0BE00D57DE1 /* split_string.cc */,
				C2D6395A1DD5C0BE00D57DE1 /* split_string.h */,
			);
			path = base;
			sourceTree = "<group>";
		};
		C2D6395B1DD5C0BE00D57DE1 /* data */ = {
			isa = PBXGroup;
			children = (
				C2D6395C1DD5C0BE00D57DE1 /* CMakeLists.txt */,
				C2D6395D1DD5C0BE00D57DE1 /* data_structure.h */,
				C2D6395E1DD5C0BE00D57DE1 /* hyper_parameters.h */,
				C2D6395F1DD5C0BE00D57DE1 /* model_parameters.cc */,
				C2D639601DD5C0BE00D57DE1 /* model_parameters.h */,
				C2D639611DD5C0BE00D57DE1 /* model_parameters_test.cc */,
			);
			path = data;
			sourceTree = "<group>";
		};
		C2D639621DD5C0BE00D57DE1 /* loss */ = {
			isa = PBXGroup;
			children = (
				C2D6399A1DD5D3C900D57DE1 /* regularize_normalize.h */,
				C2D639631DD5C0BE00D57DE1 /* CMakeLists.txt */,
				C2D639641DD5C0BE00D57DE1 /* ffm_loss.h */,
				C2D639651DD5C0BE00D57DE1 /* ffm_loss_test.cc */,
				C2D639661DD5C0BE00D57DE1 /* fm_loss.h */,
				C2D639671DD5C0BE00D57DE1 /* fm_loss_test.cc */,
				C2D639681DD5C0BE00D57DE1 /* logit_loss.h */,
				C2D639691DD5C0BE00D57DE1 /* logit_loss_test.cc */,
				C2D6396A1DD5C0BE00D57DE1 /* loss.h */,
				C2D639981DD5D34900D57DE1 /* fm_loss.cc */,
				C2D6399B1DD734AB00D57DE1 /* ffm_loss.cc */,
			);
			path = loss;
			sourceTree = "<group>";
		};
		C2D6396B1DD5C0BE00D57DE1 /* reader */ = {
			isa = PBXGroup;
			children = (
				C2D6396C1DD5C0BE00D57DE1 /* CMakeLists.txt */,
				C2D6396D1DD5C0BE00D57DE1 /* parser.h */,
				C2D6396E1DD5C0BE00D57DE1 /* parser_test.cc */,
				C2D6396F1DD5C0BE00D57DE1 /* reader.cc */,
				C2D639701DD5C0BE00D57DE1 /* reader.h */,
				C2D639711DD5C0BE00D57DE1 /* reader_test.cc */,
			);
			path = reader;
			sourceTree = "<group>";
		};
		C2D639721DD5C0BE00D57DE1 /* update */ = {
			isa = PBXGroup;
			children = (
				C2D639731DD5C0BE00D57DE1 /* AdaGrad_updater.cc */,
				C2D639741DD5C0BE00D57DE1 /* AdaGrad_updater.h */,
				C2D639751DD5C0BE00D57DE1 /* CMakeLists.txt */,
				C2D639761DD5C0BE00D57DE1 /* SGD_updater.cc */,
				C2D639771DD5C0BE00D57DE1 /* SGD_updater.h */,
				C2D639781DD5C0BE00D57DE1 /* updater.cc */,
				C2D639791DD5C0BE00D57DE1 /* updater.h */,
			);
			path = update;
			sourceTree = "<group>";
		};
		C2D6397C1DD5C0BE00D57DE1 /* demo */ = {
			isa = PBXGroup;
			children = (
				C2D6397D1DD5C0BE00D57DE1 /* data */,
			);
			path = demo;
			sourceTree = "<group>";
		};
		C2D6397D1DD5C0BE00D57DE1 /* data */ = {
			isa = PBXGroup;
			children = (
				C2D6397E1DD5C0BE00D57DE1 /* agaricus.txt.train */,
				C2D6397F1DD5C0BE00D57DE1 /* Criteo.txt.train */,
			);
			path = data;
			sourceTree = "<group>";
		};
/* End PBXGroup section */

/* Begin PBXNativeTarget section */
		C2D639461DD5C08B00D57DE1 /* F2M */ = {
			isa = PBXNativeTarget;
			buildConfigurationList = C2D6394E1DD5C08B00D57DE1 /* Build configuration list for PBXNativeTarget "F2M" */;
			buildPhases = (
				C2D639431DD5C08B00D57DE1 /* Sources */,
				C2D639441DD5C08B00D57DE1 /* Frameworks */,
				C2D639451DD5C08B00D57DE1 /* CopyFiles */,
			);
			buildRules = (
			);
			dependencies = (
			);
			name = F2M;
			productName = F2M;
			productReference = C2D639971DD5C20700D57DE1 /* F2M */;
			productType = "com.apple.product-type.tool";
		};
/* End PBXNativeTarget section */

/* Begin PBXProject section */
		C2D6393F1DD5C08B00D57DE1 /* Project object */ = {
			isa = PBXProject;
			attributes = {
				LastUpgradeCheck = 0730;
				ORGANIZATIONNAME = Felix;
				TargetAttributes = {
					C2D639461DD5C08B00D57DE1 = {
						CreatedOnToolsVersion = 7.3;
					};
				};
			};
			buildConfigurationList = C2D639421DD5C08B00D57DE1 /* Build configuration list for PBXProject "F2M" */;
			compatibilityVersion = "Xcode 3.2";
			developmentRegion = English;
			hasScannedForEncodings = 0;
			knownRegions = (
				en,
			);
			mainGroup = C2D6393E1DD5C08B00D57DE1;
			productRefGroup = C2D6393E1DD5C08B00D57DE1;
			projectDirPath = "";
			projectRoot = "";
			targets = (
				C2D639461DD5C08B00D57DE1 /* F2M */,
			);
		};
/* End PBXProject section */

/* Begin PBXSourcesBuildPhase section */
		C2D639431DD5C08B00D57DE1 /* Sources */ = {
			isa = PBXSourcesBuildPhase;
			buildActionMask = 2147483647;
			files = (
				C2D6398D1DD5C0BE00D57DE1 /* SGD_updater.cc in Sources */,
				C2D639861DD5C0BE00D57DE1 /* ffm_loss_test.cc in Sources */,
				C2D6398A1DD5C0BE00D57DE1 /* reader.cc in Sources */,
				C2D6398E1DD5C0BE00D57DE1 /* updater.cc in Sources */,
				C2D6398C1DD5C0BE00D57DE1 /* AdaGrad_updater.cc in Sources */,
				C2D639991DD5D34900D57DE1 /* fm_loss.cc in Sources */,
				C2D6399C1DD734AB00D57DE1 /* ffm_loss.cc in Sources */,
				C2D639821DD5C0BE00D57DE1 /* logging.cc in Sources */,
				C2D639841DD5C0BE00D57DE1 /* model_parameters.cc in Sources */,
				C2D639881DD5C0BE00D57DE1 /* logit_loss_test.cc in Sources */,
				C2D639831DD5C0BE00D57DE1 /* split_string.cc in Sources */,
				C2D639851DD5C0BE00D57DE1 /* model_parameters_test.cc in Sources */,
				C2D6398F1DD5C0BE00D57DE1 /* README.md in Sources */,
				C2D639891DD5C0BE00D57DE1 /* parser_test.cc in Sources */,
				C2D6398B1DD5C0BE00D57DE1 /* reader_test.cc in Sources */,
				C2D639871DD5C0BE00D57DE1 /* fm_loss_test.cc in Sources */,
			);
			runOnlyForDeploymentPostprocessing = 0;
		};
/* End PBXSourcesBuildPhase section */

/* Begin XCBuildConfiguration section */
		C2D6394C1DD5C08B00D57DE1 /* Debug */ = {
			isa = XCBuildConfiguration;
			buildSettings = {
				ALWAYS_SEARCH_USER_PATHS = NO;
				CLANG_CXX_LANGUAGE_STANDARD = "gnu++0x";
				CLANG_CXX_LIBRARY = "libc++";
				CLANG_ENABLE_MODULES = YES;
				CLANG_ENABLE_OBJC_ARC = YES;
				CLANG_WARN_BOOL_CONVERSION = YES;
				CLANG_WARN_CONSTANT_CONVERSION = YES;
				CLANG_WARN_DIRECT_OBJC_ISA_USAGE = YES_ERROR;
				CLANG_WARN_EMPTY_BODY = YES;
				CLANG_WARN_ENUM_CONVERSION = YES;
				CLANG_WARN_INT_CONVERSION = YES;
				CLANG_WARN_OBJC_ROOT_CLASS = YES_ERROR;
				CLANG_WARN_UNREACHABLE_CODE = YES;
				CLANG_WARN__DUPLICATE_METHOD_MATCH = YES;
				CODE_SIGN_IDENTITY = "-";
				COPY_PHASE_STRIP = NO;
				DEBUG_INFORMATION_FORMAT = dwarf;
				ENABLE_STRICT_OBJC_MSGSEND = YES;
				ENABLE_TESTABILITY = YES;
				GCC_C_LANGUAGE_STANDARD = gnu99;
				GCC_DYNAMIC_NO_PIC = NO;
				GCC_NO_COMMON_BLOCKS = YES;
				GCC_OPTIMIZATION_LEVEL = 0;
				GCC_PREPROCESSOR_DEFINITIONS = (
					"DEBUG=1",
					"$(inherited)",
				);
				GCC_WARN_64_TO_32_BIT_CONVERSION = YES;
				GCC_WARN_ABOUT_RETURN_TYPE = YES_ERROR;
				GCC_WARN_UNDECLARED_SELECTOR = YES;
				GCC_WARN_UNINITIALIZED_AUTOS = YES_AGGRESSIVE;
				GCC_WARN_UNUSED_FUNCTION = YES;
				GCC_WARN_UNUSED_VARIABLE = YES;
				MACOSX_DEPLOYMENT_TARGET = 10.11;
				MTL_ENABLE_DEBUG_INFO = YES;
				ONLY_ACTIVE_ARCH = YES;
				SDKROOT = macosx;
			};
			name = Debug;
		};
		C2D6394D1DD5C08B00D57DE1 /* Release */ = {
			isa = XCBuildConfiguration;
			buildSettings = {
				ALWAYS_SEARCH_USER_PATHS = NO;
				CLANG_CXX_LANGUAGE_STANDARD = "gnu++0x";
				CLANG_CXX_LIBRARY = "libc++";
				CLANG_ENABLE_MODULES = YES;
				CLANG_ENABLE_OBJC_ARC = YES;
				CLANG_WARN_BOOL_CONVERSION = YES;
				CLANG_WARN_CONSTANT_CONVERSION = YES;
				CLANG_WARN_DIRECT_OBJC_ISA_USAGE = YES_ERROR;
				CLANG_WARN_EMPTY_BODY = YES;
				CLANG_WARN_ENUM_CONVERSION = YES;
				CLANG_WARN_INT_CONVERSION = YES;
				CLANG_WARN_OBJC_ROOT_CLASS = YES_ERROR;
				CLANG_WARN_UNREACHABLE_CODE = YES;
				CLANG_WARN__DUPLICATE_METHOD_MATCH = YES;
				CODE_SIGN_IDENTITY = "-";
				COPY_PHASE_STRIP = NO;
				DEBUG_INFORMATION_FORMAT = "dwarf-with-dsym";
				ENABLE_NS_ASSERTIONS = NO;
				ENABLE_STRICT_OBJC_MSGSEND = YES;
				GCC_C_LANGUAGE_STANDARD = gnu99;
				GCC_NO_COMMON_BLOCKS = YES;
				GCC_WARN_64_TO_32_BIT_CONVERSION = YES;
				GCC_WARN_ABOUT_RETURN_TYPE = YES_ERROR;
				GCC_WARN_UNDECLARED_SELECTOR = YES;
				GCC_WARN_UNINITIALIZED_AUTOS = YES_AGGRESSIVE;
				GCC_WARN_UNUSED_FUNCTION = YES;
				GCC_WARN_UNUSED_VARIABLE = YES;
				MACOSX_DEPLOYMENT_TARGET = 10.11;
				MTL_ENABLE_DEBUG_INFO = NO;
				SDKROOT = macosx;
			};
			name = Release;
		};
		C2D6394F1DD5C08B00D57DE1 /* Debug */ = {
			isa = XCBuildConfiguration;
			buildSettings = {
				ALWAYS_SEARCH_USER_PATHS = YES;
				CLANG_CXX_LIBRARY = "libstdc++";
				FRAMEWORK_SEARCH_PATHS = "/Users/liaoyuze/Library/Developer/Xcode/DerivedData/gtest-dxowampzswkzabghxrizbillnvzo/Build/Products/Debug";
				HEADER_SEARCH_PATHS = "$(inherited)$(PROJECT_DIR)";
				LIBRARY_SEARCH_PATHS = (
					"$(inherited)$(PROJECT_DIR)",
					"/Users/liaoyuze/Library/Developer/Xcode/DerivedData/gtest-dxowampzswkzabghxrizbillnvzo/Build/Products/Debug",
				);
				PRODUCT_NAME = "$(TARGET_NAME)";
				REZ_SEARCH_PATHS = "$(inherited)$(PROJECT_DIR)";
				USER_HEADER_SEARCH_PATHS = "$(inherited)$(PROJECT_DIR)";
			};
			name = Debug;
		};
		C2D639501DD5C08B00D57DE1 /* Release */ = {
			isa = XCBuildConfiguration;
			buildSettings = {
				ALWAYS_SEARCH_USER_PATHS = YES;
				CLANG_CXX_LIBRARY = "libstdc++";
				FRAMEWORK_SEARCH_PATHS = "/Users/liaoyuze/Library/Developer/Xcode/DerivedData/gtest-dxowampzswkzabghxrizbillnvzo/Build/Products/Debug";
				HEADER_SEARCH_PATHS = "$(inherited)$(PROJECT_DIR)";
				LIBRARY_SEARCH_PATHS = (
					"$(inherited)$(PROJECT_DIR)",
					"/Users/liaoyuze/Library/Developer/Xcode/DerivedData/gtest-dxowampzswkzabghxrizbillnvzo/Build/Products/Debug",
				);
				PRODUCT_NAME = "$(TARGET_NAME)";
				REZ_SEARCH_PATHS = "$(inherited)$(PROJECT_DIR)";
				USER_HEADER_SEARCH_PATHS = "$(inherited)$(PROJECT_DIR)";
			};
			name = Release;
		};
/* End XCBuildConfiguration section */

/* Begin XCConfigurationList section */
		C2D639421DD5C08B00D57DE1 /* Build configuration list for PBXProject "F2M" */ = {
			isa = XCConfigurationList;
			buildConfigurations = (
				C2D6394C1DD5C08B00D57DE1 /* Debug */,
				C2D6394D1DD5C08B00D57DE1 /* Release */,
			);
			defaultConfigurationIsVisible = 0;
			defaultConfigurationName = Release;
		};
		C2D6394E1DD5C08B00D57DE1 /* Build configuration list for PBXNativeTarget "F2M" */ = {
			isa = XCConfigurationList;
			buildConfigurations = (
				C2D6394F1DD5C08B00D57DE1 /* Debug */,
				C2D639501DD5C08B00D57DE1 /* Release */,
			);
			defaultConfigurationIsVisible = 0;
			defaultConfigurationName = Release;
		};
/* End XCConfigurationList section */
	};
	rootObject = C2D6393F1DD5C08B00D57DE1 /* Project object */;
}
